{
    "_readme": [
        "This file locks the dependencies of your project to a known state",
        "Read more about it at http://getcomposer.org/doc/01-basic-usage.md#composer-lock-the-lock-file"
    ],
    "hash": "bfc8aa605e32812df354d1910cd812bf",
    "packages": [
        {
            "name": "thetwelvelabs/foursquare",
            "version": "v0.2.3",
            "source": {
                "type": "git",
                "url": "https://github.com/kisPocok/foursquare-php.git",
                "reference": "f9be39ceb25e40d79e3dfea45fc775b6be3af7b7"
            },
            "dist": {
                "type": "zip",
                "url": "https://api.github.com/repos/kisPocok/foursquare-php/zipball/f9be39ceb25e40d79e3dfea45fc775b6be3af7b7",
                "reference": "f9be39ceb25e40d79e3dfea45fc775b6be3af7b7",
                "shasum": ""
            },
            "require": {
                "ext-curl": "*",
                "php": ">=5.3.3"
            },
            "require-dev": {
                "haxx-se/curl": "1.0.0",
                "kriswallsmith/buzz": "0.7.*",
                "symfony/http-foundation": "2.2.*"
            },
            "suggest": {
                "kriswallsmith/buzz": "Use Buzz for HTTP Requests",
                "symfony/http-foundation": "Use Symfony for HTTP Requests and/or Redirects"
            },
            "type": "library",
            "autoload": {
                "psr-0": {
                    "TheTwelve\\Foursquare\\": "lib"
                }
            },
            "license": [
                "MIT"
            ],
            "authors": [
                {
                    "name": "Chris Woodford",
                    "email": "chris.woodford@gmail.com",
                    "homepage": "http://ideapatterns.com"
                }
            ],
            "description": "Foursquare API Client",
            "homepage": "http://thetwelvelabs.com",
            "keywords": [
                "foursquare"
            ],
            "support": {
                "source": "https://github.com/kisPocok/foursquare-php/tree/v0.2.3"
            },
            "time": "2014-01-04 00:56:54"
        }
    ],
    "packages-dev": [

    ],
    "aliases": [

    ],
    "minimum-stability": "stable",
    "stability-flags": [

    ],
    "platform": [

    ],
    "platform-dev": [

    ]
}
